
Microsoft Visual Studio Solution File, Format Version 12.00
# Visual Studio 15
VisualStudioVersion = 15.0.28010.0
MinimumVisualStudioVersion = 10.0.40219.1
Project("{9A19103F-16F7-4668-BE54-9A1E7A4F7556}") = "Connective.Core", "Connective.Core\Connective.Core.csproj", "{48634E68-8905-4463-BBBD-843CF3791DF7}"
EndProject
Project("{9A19103F-16F7-4668-BE54-9A1E7A4F7556}") = "Connective.Data", "Connective.Data\Connective.Data.csproj", "{9334BFCC-B4B9-4C57-8544-BFA4F9355243}"
EndProject
Project("{9A19103F-16F7-4668-BE54-9A1E7A4F7556}") = "Connective.UI", "Connective.UI\Connective.UI.csproj", "{56DB7A91-3E77-456B-A2BE-21F9B177702F}"
EndProject
Global
	GlobalSection(SolutionConfigurationPlatforms) = preSolution
		Debug|Any CPU = Debug|Any CPU
		Release|Any CPU = Release|Any CPU
	EndGlobalSection
	GlobalSection(ProjectConfigurationPlatforms) = postSolution
		{48634E68-8905-4463-BBBD-843CF3791DF7}.Debug|Any CPU.ActiveCfg = Debug|Any CPU
		{48634E68-8905-4463-BBBD-843CF3791DF7}.Debug|Any CPU.Build.0 = Debug|Any CPU
		{48634E68-8905-4463-BBBD-843CF3791DF7}.Release|Any CPU.ActiveCfg = Release|Any CPU
		{48634E68-8905-4463-BBBD-843CF3791DF7}.Release|Any CPU.Build.0 = Release|Any CPU
		{9334BFCC-B4B9-4C57-8544-BFA4F9355243}.Debug|Any CPU.ActiveCfg = Debug|Any CPU
		{9334BFCC-B4B9-4C57-8544-BFA4F9355243}.Debug|Any CPU.Build.0 = Debug|Any CPU
		{9334BFCC-B4B9-4C57-8544-BFA4F9355243}.Release|Any CPU.ActiveCfg = Release|Any CPU
		{9334BFCC-B4B9-4C57-8544-BFA4F9355243}.Release|Any CPU.Build.0 = Release|Any CPU
		{56DB7A91-3E77-456B-A2BE-21F9B177702F}.Debug|Any CPU.ActiveCfg = Debug|Any CPU
		{56DB7A91-3E77-456B-A2BE-21F9B177702F}.Debug|Any CPU.Build.0 = Debug|Any CPU
		{56DB7A91-3E77-456B-A2BE-21F9B177702F}.Release|Any CPU.ActiveCfg = Release|Any CPU
		{56DB7A91-3E77-456B-A2BE-21F9B177702F}.Release|Any CPU.Build.0 = Release|Any CPU
	EndGlobalSection
	GlobalSection(SolutionProperties) = preSolution
		HideSolutionNode = FALSE
	EndGlobalSection
	GlobalSection(ExtensibilityGlobals) = postSolution
		SolutionGuid = {83BD0E50-52ED-44EE-9B90-BC415E52133C}
	EndGlobalSection
EndGlobal
